
Microsoft Visual Studio Solution File, Format Version 11.00
# Visual Studio 2010
Project("{888888A0-9F3D-457C-B088-3A5042F75D52}") = "DjangoProTest", "DjangoProTest\DjangoProTest.pyproj", "{B1278A73-24A3-4D03-9112-A619EBAB0178}"
EndProject
Global
	GlobalSection(SolutionConfigurationPlatforms) = preSolution
		Debug|Any CPU = Debug|Any CPU
		Release|Any CPU = Release|Any CPU
	EndGlobalSection
	GlobalSection(ProjectConfigurationPlatforms) = postSolution
		{B1278A73-24A3-4D03-9112-A619EBAB0178}.Debug|Any CPU.ActiveCfg = Debug|Any CPU
		{B1278A73-24A3-4D03-9112-A619EBAB0178}.Debug|Any CPU.Build.0 = Debug|Any CPU
		{B1278A73-24A3-4D03-9112-A619EBAB0178}.Release|Any CPU.ActiveCfg = Release|Any CPU
		{B1278A73-24A3-4D03-9112-A619EBAB0178}.Release|Any CPU.Build.0 = Release|Any CPU
	EndGlobalSection
	GlobalSection(SolutionProperties) = preSolution
		HideSolutionNode = FALSE
	EndGlobalSection
EndGlobal
